
Microsoft Visual Studio Solution File, Format Version 12.00
# Visual Studio Version 16
VisualStudioVersion = 16.0.30907.101
MinimumVisualStudioVersion = 10.0.40219.1
Project("{FAE04EC0-301F-11D3-BF4B-00C04F79EFBC}") = "ProducerEventHub", "ProducerEventHub.csproj", "{7354672D-B9DC-445E-BD16-1E7E78780D13}"
EndProject
Global
	GlobalSection(SolutionConfigurationPlatforms) = preSolution
		Debug|Any CPU = Debug|Any CPU
		Release|Any CPU = Release|Any CPU
	EndGlobalSection
	GlobalSection(ProjectConfigurationPlatforms) = postSolution
		{7354672D-B9DC-445E-BD16-1E7E78780D13}.Debug|Any CPU.ActiveCfg = Debug|Any CPU
		{7354672D-B9DC-445E-BD16-1E7E78780D13}.Debug|Any CPU.Build.0 = Debug|Any CPU
		{7354672D-B9DC-445E-BD16-1E7E78780D13}.Release|Any CPU.ActiveCfg = Release|Any CPU
		{7354672D-B9DC-445E-BD16-1E7E78780D13}.Release|Any CPU.Build.0 = Release|Any CPU
	EndGlobalSection
	GlobalSection(SolutionProperties) = preSolution
		HideSolutionNode = FALSE
	EndGlobalSection
	GlobalSection(ExtensibilityGlobals) = postSolution
		SolutionGuid = {CA4EFA6C-8644-4C03-92D6-993BECF170A1}
	EndGlobalSection
EndGlobal
